
Microsoft Visual Studio Solution File, Format Version 12.00
# Visual Studio Version 17
VisualStudioVersion = 17.7.34024.191
MinimumVisualStudioVersion = 10.0.40219.1
Project("{9A19103F-16F7-4668-BE54-9A1E7A4F7556}") = "PublisherConsole", "PublisherConsole.csproj", "{F4B1FE72-3E33-41D6-BB39-91208F0E2DCE}"
EndProject
Project("{FAE04EC0-301F-11D3-BF4B-00C04F79EFBC}") = "PublisherDomain", "..\PublisherDomain\PublisherDomain.csproj", "{38018D94-2F8C-45BD-84BF-2358ED8EA2E1}"
EndProject
Project("{FAE04EC0-301F-11D3-BF4B-00C04F79EFBC}") = "PublisherData", "..\PublisherData\PublisherData.csproj", "{050ABC2B-B253-4664-8B6C-C36F1D8DB35A}"
EndProject
Global
	GlobalSection(SolutionConfigurationPlatforms) = preSolution
		Debug|Any CPU = Debug|Any CPU
		Release|Any CPU = Release|Any CPU
	EndGlobalSection
	GlobalSection(ProjectConfigurationPlatforms) = postSolution
		{F4B1FE72-3E33-41D6-BB39-91208F0E2DCE}.Debug|Any CPU.ActiveCfg = Debug|Any CPU
		{F4B1FE72-3E33-41D6-BB39-91208F0E2DCE}.Debug|Any CPU.Build.0 = Debug|Any CPU
		{F4B1FE72-3E33-41D6-BB39-91208F0E2DCE}.Release|Any CPU.ActiveCfg = Release|Any CPU
		{F4B1FE72-3E33-41D6-BB39-91208F0E2DCE}.Release|Any CPU.Build.0 = Release|Any CPU
		{38018D94-2F8C-45BD-84BF-2358ED8EA2E1}.Debug|Any CPU.ActiveCfg = Debug|Any CPU
		{38018D94-2F8C-45BD-84BF-2358ED8EA2E1}.Debug|Any CPU.Build.0 = Debug|Any CPU
		{38018D94-2F8C-45BD-84BF-2358ED8EA2E1}.Release|Any CPU.ActiveCfg = Release|Any CPU
		{38018D94-2F8C-45BD-84BF-2358ED8EA2E1}.Release|Any CPU.Build.0 = Release|Any CPU
		{050ABC2B-B253-4664-8B6C-C36F1D8DB35A}.Debug|Any CPU.ActiveCfg = Debug|Any CPU
		{050ABC2B-B253-4664-8B6C-C36F1D8DB35A}.Debug|Any CPU.Build.0 = Debug|Any CPU
		{050ABC2B-B253-4664-8B6C-C36F1D8DB35A}.Release|Any CPU.ActiveCfg = Release|Any CPU
		{050ABC2B-B253-4664-8B6C-C36F1D8DB35A}.Release|Any CPU.Build.0 = Release|Any CPU
	EndGlobalSection
	GlobalSection(SolutionProperties) = preSolution
		HideSolutionNode = FALSE
	EndGlobalSection
	GlobalSection(ExtensibilityGlobals) = postSolution
		SolutionGuid = {9E813EAB-8A43-4426-96D1-B3B8BA94EA59}
	EndGlobalSection
EndGlobal
